
Microsoft Visual Studio Solution File, Format Version 12.00
# Visual Studio Version 17
VisualStudioVersion = 17.3.32804.467
MinimumVisualStudioVersion = 10.0.40219.1
Project("{FAE04EC0-301F-11D3-BF4B-00C04F79EFBC}") = "NZWalks.API", "NZWalks.API\NZWalks.API.csproj", "{9B4C1779-BE7E-44FE-9A90-07C86403D3EC}"
EndProject
Global
	GlobalSection(SolutionConfigurationPlatforms) = preSolution
		Debug|Any CPU = Debug|Any CPU
		Release|Any CPU = Release|Any CPU
	EndGlobalSection
	GlobalSection(ProjectConfigurationPlatforms) = postSolution
		{9B4C1779-BE7E-44FE-9A90-07C86403D3EC}.Debug|Any CPU.ActiveCfg = Debug|Any CPU
		{9B4C1779-BE7E-44FE-9A90-07C86403D3EC}.Debug|Any CPU.Build.0 = Debug|Any CPU
		{9B4C1779-BE7E-44FE-9A90-07C86403D3EC}.Release|Any CPU.ActiveCfg = Release|Any CPU
		{9B4C1779-BE7E-44FE-9A90-07C86403D3EC}.Release|Any CPU.Build.0 = Release|Any CPU
	EndGlobalSection
	GlobalSection(SolutionProperties) = preSolution
		HideSolutionNode = FALSE
	EndGlobalSection
	GlobalSection(ExtensibilityGlobals) = postSolution
		SolutionGuid = {7A210338-DDBC-47A7-AEA1-8B402E8DA4A0}
	EndGlobalSection
EndGlobal
